{
  "name": "@airgram/use-models",
  "version": "2.0.0-1",
  "lockfileVersion": 1,
  "requires": true,
  "dependencies": {
    "@airgram/core": {
      "version": "2.0.0-0",
      "resolved": "https://registry.npmjs.org/@airgram/core/-/core-2.0.0-0.tgz",
      "integrity": "sha512-4NE5h2457hydnRFqyZU5/KWNXLxuuD93cVQQeHdOrLyjq8g6UZLqpHoNET6uspjjj0TRnT8OCBWHEnHyyODH2A=="
    },
    "class-transformer": {
      "version": "0.2.3",
      "resolved": "https://registry.npmjs.org/class-transformer/-/class-transformer-0.2.3.tgz",
      "integrity": "sha512-qsP+0xoavpOlJHuYsQJsN58HXSl8Jvveo+T37rEvCEeRfMWoytAyR0Ua/YsFgpM6AZYZ/og2PJwArwzJl1aXtQ=="
    },
    "reflect-metadata": {
      "version": "0.1.13",
      "resolved": "https://registry.npmjs.org/reflect-metadata/-/reflect-metadata-0.1.13.tgz",
      "integrity": "sha512-Ts1Y/anZELhSsjMcU605fU9RE4Oi3p5ORujwbIKXfWa+0Zxs510Qrmrce5/Jowq3cHSZSJqBjypxmHarc+vEWg=="
    }
  }
}
